
Microsoft Visual Studio Solution File, Format Version 12.00
# Visual Studio Version 17
VisualStudioVersion = 17.0.31903.59
MinimumVisualStudioVersion = 10.0.40219.1
Project("{2150E333-8FDC-42A3-9474-1A3956D46DE8}") = "src", "src", "{D8D81163-A589-4947-8C65-D1416B3096A8}"
EndProject
Project("{FAE04EC0-301F-11D3-BF4B-00C04F79EFBC}") = "SimpleAuthAPI.Domain", "src\SimpleAuthAPI.Domain\SimpleAuthAPI.Domain.csproj", "{E881A16A-0321-46FC-BDEE-1DC253A949E9}"
EndProject
Project("{FAE04EC0-301F-11D3-BF4B-00C04F79EFBC}") = "SimpleAuthAPI.Application", "src\SimpleAuthAPI.Application\SimpleAuthAPI.Application.csproj", "{8452B15B-0872-4825-BCF8-C41B8ABD418F}"
EndProject
Project("{FAE04EC0-301F-11D3-BF4B-00C04F79EFBC}") = "SimpleAuthAPI.Infrastructure", "src\SimpleAuthAPI.Infrastructure\SimpleAuthAPI.Infrastructure.csproj", "{008C8949-3086-4678-8D9C-DB44A1C8DA12}"
EndProject
Project("{FAE04EC0-301F-11D3-BF4B-00C04F79EFBC}") = "SimpleAuthAPI.API", "src\SimpleAuthAPI.API\SimpleAuthAPI.API.csproj", "{8ECF9400-3592-43CC-8A56-6C988483F973}"
EndProject
Global
	GlobalSection(SolutionConfigurationPlatforms) = preSolution
		Debug|Any CPU = Debug|Any CPU
		Release|Any CPU = Release|Any CPU
	EndGlobalSection
	GlobalSection(SolutionProperties) = preSolution
		HideSolutionNode = FALSE
	EndGlobalSection
	GlobalSection(ProjectConfigurationPlatforms) = postSolution
		{E881A16A-0321-46FC-BDEE-1DC253A949E9}.Debug|Any CPU.ActiveCfg = Debug|Any CPU
		{E881A16A-0321-46FC-BDEE-1DC253A949E9}.Debug|Any CPU.Build.0 = Debug|Any CPU
		{E881A16A-0321-46FC-BDEE-1DC253A949E9}.Release|Any CPU.ActiveCfg = Release|Any CPU
		{E881A16A-0321-46FC-BDEE-1DC253A949E9}.Release|Any CPU.Build.0 = Release|Any CPU
		{8452B15B-0872-4825-BCF8-C41B8ABD418F}.Debug|Any CPU.ActiveCfg = Debug|Any CPU
		{8452B15B-0872-4825-BCF8-C41B8ABD418F}.Debug|Any CPU.Build.0 = Debug|Any CPU
		{8452B15B-0872-4825-BCF8-C41B8ABD418F}.Release|Any CPU.ActiveCfg = Release|Any CPU
		{8452B15B-0872-4825-BCF8-C41B8ABD418F}.Release|Any CPU.Build.0 = Release|Any CPU
		{008C8949-3086-4678-8D9C-DB44A1C8DA12}.Debug|Any CPU.ActiveCfg = Debug|Any CPU
		{008C8949-3086-4678-8D9C-DB44A1C8DA12}.Debug|Any CPU.Build.0 = Debug|Any CPU
		{008C8949-3086-4678-8D9C-DB44A1C8DA12}.Release|Any CPU.ActiveCfg = Release|Any CPU
		{008C8949-3086-4678-8D9C-DB44A1C8DA12}.Release|Any CPU.Build.0 = Release|Any CPU
		{8ECF9400-3592-43CC-8A56-6C988483F973}.Debug|Any CPU.ActiveCfg = Debug|Any CPU
		{8ECF9400-3592-43CC-8A56-6C988483F973}.Debug|Any CPU.Build.0 = Debug|Any CPU
		{8ECF9400-3592-43CC-8A56-6C988483F973}.Release|Any CPU.ActiveCfg = Release|Any CPU
		{8ECF9400-3592-43CC-8A56-6C988483F973}.Release|Any CPU.Build.0 = Release|Any CPU
	EndGlobalSection
	GlobalSection(NestedProjects) = preSolution
		{E881A16A-0321-46FC-BDEE-1DC253A949E9} = {D8D81163-A589-4947-8C65-D1416B3096A8}
		{8452B15B-0872-4825-BCF8-C41B8ABD418F} = {D8D81163-A589-4947-8C65-D1416B3096A8}
		{008C8949-3086-4678-8D9C-DB44A1C8DA12} = {D8D81163-A589-4947-8C65-D1416B3096A8}
		{8ECF9400-3592-43CC-8A56-6C988483F973} = {D8D81163-A589-4947-8C65-D1416B3096A8}
	EndGlobalSection
EndGlobal
